
Microsoft Visual Studio Solution File, Format Version 12.00
# Visual Studio Version 16
VisualStudioVersion = 16.0.30503.244
MinimumVisualStudioVersion = 10.0.40219.1
Project("{9A19103F-16F7-4668-BE54-9A1E7A4F7556}") = "blendnet.crm.contentprovider.api", "blendnet.crm.contentprovider.api\blendnet.crm.contentprovider.api.csproj", "{572590FF-56A2-48F0-8CB7-01DD45E23D1B}"
EndProject
Project("{9A19103F-16F7-4668-BE54-9A1E7A4F7556}") = "blendnet.crm.contentprovider.api.bdd", "blendnet.crm.contentprovider.api.bdd\blendnet.crm.contentprovider.api.bdd.csproj", "{6C0B47FE-356F-4AC3-A5B3-BACAE2AE0AE6}"
EndProject
Project("{9A19103F-16F7-4668-BE54-9A1E7A4F7556}") = "blendnet.crm.common.dto", "blendnet.crm.common.dto\blendnet.crm.common.dto.csproj", "{679DF957-5786-4884-BA05-7F2110AF1824}"
EndProject
Project("{9A19103F-16F7-4668-BE54-9A1E7A4F7556}") = "blendnet.crm.retailer.api.bdd", "blendnet.crm.retailer.api.bdd\blendnet.crm.retailer.api.bdd.csproj", "{84E7CA5F-B377-4368-B195-1AED1DFB01A4}"
EndProject
Project("{FAE04EC0-301F-11D3-BF4B-00C04F79EFBC}") = "blendnet.crm.retailer.api", "blendnet.crm.retailer.api\blendnet.crm.retailer.api.csproj", "{78598F0E-A882-4DFD-8691-F4BB7A00D63F}"
EndProject
Global
	GlobalSection(SolutionConfigurationPlatforms) = preSolution
		Debug|Any CPU = Debug|Any CPU
		Release|Any CPU = Release|Any CPU
	EndGlobalSection
	GlobalSection(ProjectConfigurationPlatforms) = postSolution
		{572590FF-56A2-48F0-8CB7-01DD45E23D1B}.Debug|Any CPU.ActiveCfg = Debug|Any CPU
		{572590FF-56A2-48F0-8CB7-01DD45E23D1B}.Debug|Any CPU.Build.0 = Debug|Any CPU
		{572590FF-56A2-48F0-8CB7-01DD45E23D1B}.Release|Any CPU.ActiveCfg = Release|Any CPU
		{572590FF-56A2-48F0-8CB7-01DD45E23D1B}.Release|Any CPU.Build.0 = Release|Any CPU
		{6C0B47FE-356F-4AC3-A5B3-BACAE2AE0AE6}.Debug|Any CPU.ActiveCfg = Debug|Any CPU
		{6C0B47FE-356F-4AC3-A5B3-BACAE2AE0AE6}.Debug|Any CPU.Build.0 = Debug|Any CPU
		{6C0B47FE-356F-4AC3-A5B3-BACAE2AE0AE6}.Release|Any CPU.ActiveCfg = Release|Any CPU
		{6C0B47FE-356F-4AC3-A5B3-BACAE2AE0AE6}.Release|Any CPU.Build.0 = Release|Any CPU
		{679DF957-5786-4884-BA05-7F2110AF1824}.Debug|Any CPU.ActiveCfg = Debug|Any CPU
		{679DF957-5786-4884-BA05-7F2110AF1824}.Debug|Any CPU.Build.0 = Debug|Any CPU
		{679DF957-5786-4884-BA05-7F2110AF1824}.Release|Any CPU.ActiveCfg = Release|Any CPU
		{679DF957-5786-4884-BA05-7F2110AF1824}.Release|Any CPU.Build.0 = Release|Any CPU
		{84E7CA5F-B377-4368-B195-1AED1DFB01A4}.Debug|Any CPU.ActiveCfg = Debug|Any CPU
		{84E7CA5F-B377-4368-B195-1AED1DFB01A4}.Debug|Any CPU.Build.0 = Debug|Any CPU
		{84E7CA5F-B377-4368-B195-1AED1DFB01A4}.Release|Any CPU.ActiveCfg = Release|Any CPU
		{84E7CA5F-B377-4368-B195-1AED1DFB01A4}.Release|Any CPU.Build.0 = Release|Any CPU
		{78598F0E-A882-4DFD-8691-F4BB7A00D63F}.Debug|Any CPU.ActiveCfg = Debug|Any CPU
		{78598F0E-A882-4DFD-8691-F4BB7A00D63F}.Debug|Any CPU.Build.0 = Debug|Any CPU
		{78598F0E-A882-4DFD-8691-F4BB7A00D63F}.Release|Any CPU.ActiveCfg = Release|Any CPU
		{78598F0E-A882-4DFD-8691-F4BB7A00D63F}.Release|Any CPU.Build.0 = Release|Any CPU
	EndGlobalSection
	GlobalSection(SolutionProperties) = preSolution
		HideSolutionNode = FALSE
	EndGlobalSection
	GlobalSection(ExtensibilityGlobals) = postSolution
		SolutionGuid = {64867EAC-AF2A-4FEF-911C-DEAE0E66C0BE}
	EndGlobalSection
EndGlobal
