
Microsoft Visual Studio Solution File, Format Version 12.00
# Visual Studio Version 16
VisualStudioVersion = 16.0.30503.244
MinimumVisualStudioVersion = 10.0.40219.1
Project("{9A19103F-16F7-4668-BE54-9A1E7A4F7556}") = "blendnet.common.dto", "blendnet.common.dto\blendnet.common.dto.csproj", "{679DF957-5786-4884-BA05-7F2110AF1824}"
EndProject
Project("{9A19103F-16F7-4668-BE54-9A1E7A4F7556}") = "blendnet.common.infrastructure", "blendnet.common.infrastructure\blendnet.common.infrastructure.csproj", "{33B426CC-E93B-4422-B062-737E72478A34}"
EndProject
Project("{9A19103F-16F7-4668-BE54-9A1E7A4F7556}") = "blendnet.cms.api", "blendnet.cms.api\blendnet.cms.api.csproj", "{87B14389-34D6-4382-957E-2E2E76B302D0}"
EndProject
Project("{9A19103F-16F7-4668-BE54-9A1E7A4F7556}") = "blendnet.cms.repository", "blendnet.cms.repository\blendnet.cms.repository.csproj", "{DEF5C327-C439-406C-BD56-0DEE18B08BB3}"
EndProject
Project("{9A19103F-16F7-4668-BE54-9A1E7A4F7556}") = "blendnet.cms.listener", "blendnet.cms.listener\blendnet.cms.listener.csproj", "{8505EAA9-19A5-49D6-8611-B6ABF5084C94}"
EndProject
Project("{2150E333-8FDC-42A3-9474-1A3956D46DE8}") = "Ingress", "Ingress", "{B01355AF-7514-496E-A541-96BDAB8615C5}"
	ProjectSection(SolutionItems) = preProject
		appgateway.yaml = appgateway.yaml
		Cluster.txt = Cluster.txt
		createSecrets.ps1 = createSecrets.ps1
		deploymenttest.yaml = deploymenttest.yaml
		full.yaml = full.yaml
		ingress.yaml = ingress.yaml
		KeyVaultDeployment.txt = KeyVaultDeployment.txt
		sample.yaml = sample.yaml
	EndProjectSection
EndProject
Project("{9A19103F-16F7-4668-BE54-9A1E7A4F7556}") = "MPDParser", "MPDParser\MPDParser.csproj", "{AEF52853-B4DE-4974-87F7-DCB04D22FBAF}"
EndProject
Project("{9A19103F-16F7-4668-BE54-9A1E7A4F7556}") = "blendnet.cms.testutility", "blendnet.cms.testutility\blendnet.cms.testutility.csproj", "{710B1F03-A033-47C2-8E80-4F60408CBE61}"
EndProject
Project("{9A19103F-16F7-4668-BE54-9A1E7A4F7556}") = "blendnet.oms.api", "blendnet.oms.api\blendnet.oms.api.csproj", "{5D0D3A6E-C1D9-49C5-B826-A620CBFCF7E0}"
EndProject
Project("{9A19103F-16F7-4668-BE54-9A1E7A4F7556}") = "blendnet.retailer.api", "blendnet.retailer.api\blendnet.retailer.api.csproj", "{8B884A18-1CEB-430D-9D2F-E40863B63ADB}"
EndProject
Project("{9A19103F-16F7-4668-BE54-9A1E7A4F7556}") = "blendnet.oms.repository", "blendnet.oms.repository\blendnet.oms.repository.csproj", "{531E8AC6-DE36-4C15-AB0A-B5A7B5F42DCE}"
EndProject
Project("{9A19103F-16F7-4668-BE54-9A1E7A4F7556}") = "blendnet.retailer.repository", "blendnet.retailer.repository\blendnet.retailer.repository.csproj", "{BD21AE12-44E8-4E55-991F-6DCDE12A5924}"
EndProject
Project("{9A19103F-16F7-4668-BE54-9A1E7A4F7556}") = "blendnet.api.proxy", "blendnet.api.proxy\blendnet.api.proxy.csproj", "{F051B88B-28D1-4C38-BACF-1D7084C1F7DB}"
EndProject
Project("{9A19103F-16F7-4668-BE54-9A1E7A4F7556}") = "blendnet.user.api", "blendnet.user.api\blendnet.user.api.csproj", "{943E1E5F-EA77-44D3-BC53-9A275AC45813}"
EndProject
Project("{9A19103F-16F7-4668-BE54-9A1E7A4F7556}") = "blendnet.user.repository", "blendnet.user.repository\blendnet.user.repository.csproj", "{C79B83A5-BAFA-4DB5-B49C-1B8DC0B3E833}"
	ProjectSection(ProjectDependencies) = postProject
		{679DF957-5786-4884-BA05-7F2110AF1824} = {679DF957-5786-4884-BA05-7F2110AF1824}
	EndProjectSection
EndProject
Project("{9A19103F-16F7-4668-BE54-9A1E7A4F7556}") = "blendnet.retailer.listener", "blendnet.retailer.listener\blendnet.retailer.listener.csproj", "{8FBA90E4-ADDC-47FC-A8A6-19A26E91E8EC}"
EndProject
Project("{FAE04EC0-301F-11D3-BF4B-00C04F79EFBC}") = "blendnet.oms.listener", "blendnet.oms.listener\blendnet.oms.listener.csproj", "{99E4DC21-A5E1-4908-9925-404D28C8A820}"
EndProject
Global
	GlobalSection(SolutionConfigurationPlatforms) = preSolution
		Debug|Any CPU = Debug|Any CPU
		Release|Any CPU = Release|Any CPU
	EndGlobalSection
	GlobalSection(ProjectConfigurationPlatforms) = postSolution
		{679DF957-5786-4884-BA05-7F2110AF1824}.Debug|Any CPU.ActiveCfg = Debug|Any CPU
		{679DF957-5786-4884-BA05-7F2110AF1824}.Debug|Any CPU.Build.0 = Debug|Any CPU
		{679DF957-5786-4884-BA05-7F2110AF1824}.Release|Any CPU.ActiveCfg = Release|Any CPU
		{679DF957-5786-4884-BA05-7F2110AF1824}.Release|Any CPU.Build.0 = Release|Any CPU
		{33B426CC-E93B-4422-B062-737E72478A34}.Debug|Any CPU.ActiveCfg = Debug|Any CPU
		{33B426CC-E93B-4422-B062-737E72478A34}.Debug|Any CPU.Build.0 = Debug|Any CPU
		{33B426CC-E93B-4422-B062-737E72478A34}.Release|Any CPU.ActiveCfg = Release|Any CPU
		{33B426CC-E93B-4422-B062-737E72478A34}.Release|Any CPU.Build.0 = Release|Any CPU
		{87B14389-34D6-4382-957E-2E2E76B302D0}.Debug|Any CPU.ActiveCfg = Debug|Any CPU
		{87B14389-34D6-4382-957E-2E2E76B302D0}.Debug|Any CPU.Build.0 = Debug|Any CPU
		{87B14389-34D6-4382-957E-2E2E76B302D0}.Release|Any CPU.ActiveCfg = Release|Any CPU
		{87B14389-34D6-4382-957E-2E2E76B302D0}.Release|Any CPU.Build.0 = Release|Any CPU
		{DEF5C327-C439-406C-BD56-0DEE18B08BB3}.Debug|Any CPU.ActiveCfg = Debug|Any CPU
		{DEF5C327-C439-406C-BD56-0DEE18B08BB3}.Debug|Any CPU.Build.0 = Debug|Any CPU
		{DEF5C327-C439-406C-BD56-0DEE18B08BB3}.Release|Any CPU.ActiveCfg = Release|Any CPU
		{DEF5C327-C439-406C-BD56-0DEE18B08BB3}.Release|Any CPU.Build.0 = Release|Any CPU
		{8505EAA9-19A5-49D6-8611-B6ABF5084C94}.Debug|Any CPU.ActiveCfg = Debug|Any CPU
		{8505EAA9-19A5-49D6-8611-B6ABF5084C94}.Debug|Any CPU.Build.0 = Debug|Any CPU
		{8505EAA9-19A5-49D6-8611-B6ABF5084C94}.Release|Any CPU.ActiveCfg = Release|Any CPU
		{8505EAA9-19A5-49D6-8611-B6ABF5084C94}.Release|Any CPU.Build.0 = Release|Any CPU
		{AEF52853-B4DE-4974-87F7-DCB04D22FBAF}.Debug|Any CPU.ActiveCfg = Debug|Any CPU
		{AEF52853-B4DE-4974-87F7-DCB04D22FBAF}.Debug|Any CPU.Build.0 = Debug|Any CPU
		{AEF52853-B4DE-4974-87F7-DCB04D22FBAF}.Release|Any CPU.ActiveCfg = Release|Any CPU
		{AEF52853-B4DE-4974-87F7-DCB04D22FBAF}.Release|Any CPU.Build.0 = Release|Any CPU
		{710B1F03-A033-47C2-8E80-4F60408CBE61}.Debug|Any CPU.ActiveCfg = Debug|Any CPU
		{710B1F03-A033-47C2-8E80-4F60408CBE61}.Debug|Any CPU.Build.0 = Debug|Any CPU
		{710B1F03-A033-47C2-8E80-4F60408CBE61}.Release|Any CPU.ActiveCfg = Release|Any CPU
		{710B1F03-A033-47C2-8E80-4F60408CBE61}.Release|Any CPU.Build.0 = Release|Any CPU
		{5D0D3A6E-C1D9-49C5-B826-A620CBFCF7E0}.Debug|Any CPU.ActiveCfg = Debug|Any CPU
		{5D0D3A6E-C1D9-49C5-B826-A620CBFCF7E0}.Debug|Any CPU.Build.0 = Debug|Any CPU
		{5D0D3A6E-C1D9-49C5-B826-A620CBFCF7E0}.Release|Any CPU.ActiveCfg = Release|Any CPU
		{5D0D3A6E-C1D9-49C5-B826-A620CBFCF7E0}.Release|Any CPU.Build.0 = Release|Any CPU
		{8B884A18-1CEB-430D-9D2F-E40863B63ADB}.Debug|Any CPU.ActiveCfg = Debug|Any CPU
		{8B884A18-1CEB-430D-9D2F-E40863B63ADB}.Debug|Any CPU.Build.0 = Debug|Any CPU
		{8B884A18-1CEB-430D-9D2F-E40863B63ADB}.Release|Any CPU.ActiveCfg = Release|Any CPU
		{8B884A18-1CEB-430D-9D2F-E40863B63ADB}.Release|Any CPU.Build.0 = Release|Any CPU
		{531E8AC6-DE36-4C15-AB0A-B5A7B5F42DCE}.Debug|Any CPU.ActiveCfg = Debug|Any CPU
		{531E8AC6-DE36-4C15-AB0A-B5A7B5F42DCE}.Debug|Any CPU.Build.0 = Debug|Any CPU
		{531E8AC6-DE36-4C15-AB0A-B5A7B5F42DCE}.Release|Any CPU.ActiveCfg = Release|Any CPU
		{531E8AC6-DE36-4C15-AB0A-B5A7B5F42DCE}.Release|Any CPU.Build.0 = Release|Any CPU
		{BD21AE12-44E8-4E55-991F-6DCDE12A5924}.Debug|Any CPU.ActiveCfg = Debug|Any CPU
		{BD21AE12-44E8-4E55-991F-6DCDE12A5924}.Debug|Any CPU.Build.0 = Debug|Any CPU
		{BD21AE12-44E8-4E55-991F-6DCDE12A5924}.Release|Any CPU.ActiveCfg = Release|Any CPU
		{BD21AE12-44E8-4E55-991F-6DCDE12A5924}.Release|Any CPU.Build.0 = Release|Any CPU
		{F051B88B-28D1-4C38-BACF-1D7084C1F7DB}.Debug|Any CPU.ActiveCfg = Debug|Any CPU
		{F051B88B-28D1-4C38-BACF-1D7084C1F7DB}.Debug|Any CPU.Build.0 = Debug|Any CPU
		{F051B88B-28D1-4C38-BACF-1D7084C1F7DB}.Release|Any CPU.ActiveCfg = Release|Any CPU
		{F051B88B-28D1-4C38-BACF-1D7084C1F7DB}.Release|Any CPU.Build.0 = Release|Any CPU
		{943E1E5F-EA77-44D3-BC53-9A275AC45813}.Debug|Any CPU.ActiveCfg = Debug|Any CPU
		{943E1E5F-EA77-44D3-BC53-9A275AC45813}.Debug|Any CPU.Build.0 = Debug|Any CPU
		{943E1E5F-EA77-44D3-BC53-9A275AC45813}.Release|Any CPU.ActiveCfg = Release|Any CPU
		{943E1E5F-EA77-44D3-BC53-9A275AC45813}.Release|Any CPU.Build.0 = Release|Any CPU
		{C79B83A5-BAFA-4DB5-B49C-1B8DC0B3E833}.Debug|Any CPU.ActiveCfg = Debug|Any CPU
		{C79B83A5-BAFA-4DB5-B49C-1B8DC0B3E833}.Debug|Any CPU.Build.0 = Debug|Any CPU
		{C79B83A5-BAFA-4DB5-B49C-1B8DC0B3E833}.Release|Any CPU.ActiveCfg = Release|Any CPU
		{C79B83A5-BAFA-4DB5-B49C-1B8DC0B3E833}.Release|Any CPU.Build.0 = Release|Any CPU
		{8FBA90E4-ADDC-47FC-A8A6-19A26E91E8EC}.Debug|Any CPU.ActiveCfg = Debug|Any CPU
		{8FBA90E4-ADDC-47FC-A8A6-19A26E91E8EC}.Debug|Any CPU.Build.0 = Debug|Any CPU
		{8FBA90E4-ADDC-47FC-A8A6-19A26E91E8EC}.Release|Any CPU.ActiveCfg = Release|Any CPU
		{8FBA90E4-ADDC-47FC-A8A6-19A26E91E8EC}.Release|Any CPU.Build.0 = Release|Any CPU
		{99E4DC21-A5E1-4908-9925-404D28C8A820}.Debug|Any CPU.ActiveCfg = Debug|Any CPU
		{99E4DC21-A5E1-4908-9925-404D28C8A820}.Debug|Any CPU.Build.0 = Debug|Any CPU
		{99E4DC21-A5E1-4908-9925-404D28C8A820}.Release|Any CPU.ActiveCfg = Release|Any CPU
		{99E4DC21-A5E1-4908-9925-404D28C8A820}.Release|Any CPU.Build.0 = Release|Any CPU
	EndGlobalSection
	GlobalSection(SolutionProperties) = preSolution
		HideSolutionNode = FALSE
	EndGlobalSection
	GlobalSection(ExtensibilityGlobals) = postSolution
		SolutionGuid = {64867EAC-AF2A-4FEF-911C-DEAE0E66C0BE}
	EndGlobalSection
EndGlobal
